// !$*UTF8*$!
{
	archiveVersion = 1;
	classes = {
	};
	objectVersion = 56;
	objects = {

/* Begin PBXBuildFile section */
		1A000000000000000000000A /* PastelApp.swift in Sources */ = {isa = PBXBuildFile; fileRef = 1A0000000000000000000007 /* PastelApp.swift */; };
		1A000000000000000000000B /* Assets.car in Resources */ = {isa = PBXBuildFile; fileRef = 1A0000000000000000000009 /* Assets.car */; };
		1A0000000000000000000020 /* Localizable.xcstrings in Resources */ = {isa = PBXBuildFile; fileRef = 1A0000000000000000000021 /* Localizable.xcstrings */; };
		1A0000000000000000000024 /* Sparkle in Frameworks */ = {isa = PBXBuildFile; productRef = 1A0000000000000000000023 /* Sparkle */; };
/* End PBXBuildFile section */

/* Begin PBXFileReference section */
		1A0000000000000000000003 /* Pastel.app */ = {isa = PBXFileReference; explicitFileType = wrapper.application; includeInIndex = 0; path = "Pastel.app"; sourceTree = BUILT_PRODUCTS_DIR; };
		1A0000000000000000000007 /* PastelApp.swift */ = {isa = PBXFileReference; lastKnownFileType = sourcecode.swift; path = PastelApp.swift; sourceTree = "<group>"; };
		1A0000000000000000000008 /* Info.plist */ = {isa = PBXFileReference; lastKnownFileType = text.plist.xml; path = Info.plist; sourceTree = "<group>"; };
		1A0000000000000000000009 /* Assets.car */ = {isa = PBXFileReference; lastKnownFileType = file; path = Assets.car; sourceTree = "<group>"; };
		1A0000000000000000000021 /* Localizable.xcstrings */ = {isa = PBXFileReference; lastKnownFileType = text.json.xcstrings; path = Localizable.xcstrings; sourceTree = "<group>"; };
/* End PBXFileReference section */

/* Begin PBXFrameworksBuildPhase section */
		1A000000000000000000000D /* Frameworks */ = {
			isa = PBXFrameworksBuildPhase;
			buildActionMask = 2147483647;
			files = (
				1A0000000000000000000024 /* Sparkle in Frameworks */,
			);
			runOnlyForDeploymentPostprocessing = 0;
		};
/* End PBXFrameworksBuildPhase section */

/* Begin PBXGroup section */
		1A0000000000000000000004 = {
			isa = PBXGroup;
			children = (
				1A0000000000000000000006 /* Pastel */,
				1A0000000000000000000005 /* Products */,
			);
			sourceTree = "<group>";
		};
		1A0000000000000000000005 /* Products */ = {
			isa = PBXGroup;
			children = (
				1A0000000000000000000003 /* Pastel.app */,
			);
			name = Products;
			sourceTree = "<group>";
		};
		1A0000000000000000000006 /* Pastel */ = {
			isa = PBXGroup;
			children = (
				1A0000000000000000000007 /* PastelApp.swift */,
				1A0000000000000000000009 /* Assets.car */,
				1A0000000000000000000021 /* Localizable.xcstrings */,
				1A0000000000000000000008 /* Info.plist */,
			);
			path = Pastel;
			sourceTree = "<group>";
		};
/* End PBXGroup section */

/* Begin PBXNativeTarget section */
		1A0000000000000000000002 /* Pastel */ = {
			isa = PBXNativeTarget;
			buildConfigurationList = 1A0000000000000000000011 /* Build configuration list for PBXNativeTarget "Pastel" */;
			buildPhases = (
				1A000000000000000000000C /* Sources */,
				1A000000000000000000000D /* Frameworks */,
				1A000000000000000000000E /* Resources */,
				1A000000000000000000000F /* Bundle Node runtime */,
			);
			buildRules = (
			);
			dependencies = (
			);
			name = "Pastel";
			packageProductDependencies = (
				1A0000000000000000000023 /* Sparkle */,
			);
			productName = Pastel;
			productReference = 1A0000000000000000000003 /* Pastel.app */;
			productType = "com.apple.product-type.application";
		};
/* End PBXNativeTarget section */

/* Begin PBXProject section */
		1A0000000000000000000001 /* Project object */ = {
			isa = PBXProject;
			attributes = {
				BuildIndependentTargetsInParallel = 1;
				LastUpgradeCheck = 2650;
				TargetAttributes = {
					1A0000000000000000000002 = {
						CreatedOnToolsVersion = 26.5;
					};
				};
			};
			buildConfigurationList = 1A0000000000000000000010 /* Build configuration list for PBXProject "Pastel" */;
			compatibilityVersion = "Xcode 14.0";
			developmentRegion = "zh-Hans";
			hasScannedForEncodings = 0;
			knownRegions = (
				en,
				Base,
				"zh-Hans",
				"zh-HK",
				"zh-Hant",
				ja,
				ko,
				th,
			);
			mainGroup = 1A0000000000000000000004;
			packageReferences = (
				1A0000000000000000000022 /* XCRemoteSwiftPackageReference "Sparkle" */,
			);
			productRefGroup = 1A0000000000000000000005 /* Products */;
			projectDirPath = "";
			projectRoot = "";
			targets = (
				1A0000000000000000000002 /* Pastel */,
			);
		};
/* End PBXProject section */

/* Begin PBXResourcesBuildPhase section */
		1A000000000000000000000E /* Resources */ = {
			isa = PBXResourcesBuildPhase;
			buildActionMask = 2147483647;
			files = (
				1A000000000000000000000B /* Assets.car in Resources */,
				1A0000000000000000000020 /* Localizable.xcstrings in Resources */,
			);
			runOnlyForDeploymentPostprocessing = 0;
		};
/* End PBXResourcesBuildPhase section */

/* Begin PBXShellScriptBuildPhase section */
		1A000000000000000000000F /* Bundle Node runtime */ = {
			isa = PBXShellScriptBuildPhase;
			alwaysOutOfDate = 1;
			buildActionMask = 2147483647;
			files = (
			);
			inputFileListPaths = (
			);
			inputPaths = (
			);
			name = "Bundle Node runtime";
			outputFileListPaths = (
			);
			outputPaths = (
			);
			runOnlyForDeploymentPostprocessing = 0;
			shellPath = /bin/sh;
			shellScript = "set -e\nRES=\"${CODESIGNING_FOLDER_PATH}/Contents/Resources\"\nmkdir -p \"${RES}/NodeProject\" \"${RES}/node/bin\"\n/usr/bin/rsync -a --delete --exclude '.DS_Store' \"${SRCROOT}/NodeProject/\" \"${RES}/NodeProject/\"\n/bin/cp -f \"${SRCROOT}/node/bin/node\" \"${RES}/node/bin/node\"\n/bin/chmod 755 \"${RES}/node/bin/node\"\n/usr/bin/codesign --force --sign - \"${RES}/node/bin/node\"\n/bin/sh \"${SRCROOT}/Scripts/PatchSparkleLocalizations.sh\" \"${CODESIGNING_FOLDER_PATH}\"\n";
		};
/* End PBXShellScriptBuildPhase section */

/* Begin PBXSourcesBuildPhase section */
		1A000000000000000000000C /* Sources */ = {
			isa = PBXSourcesBuildPhase;
			buildActionMask = 2147483647;
			files = (
				1A000000000000000000000A /* PastelApp.swift in Sources */,
			);
			runOnlyForDeploymentPostprocessing = 0;
		};
/* End PBXSourcesBuildPhase section */

/* Begin XCBuildConfiguration section */
		1A0000000000000000000012 /* Debug */ = {
			isa = XCBuildConfiguration;
			buildSettings = {
				ALWAYS_SEARCH_USER_PATHS = NO;
				CLANG_ENABLE_OBJC_ARC = YES;
				COPY_PHASE_STRIP = NO;
				DEBUG_INFORMATION_FORMAT = dwarf;
				ENABLE_STRICT_OBJC_MSGSEND = YES;
				ENABLE_TESTABILITY = YES;
				GCC_NO_COMMON_BLOCKS = YES;
				GCC_OPTIMIZATION_LEVEL = 0;
				MACOSX_DEPLOYMENT_TARGET = 26.0;
				ONLY_ACTIVE_ARCH = YES;
				SDKROOT = macosx;
				SWIFT_ACTIVE_COMPILATION_CONDITIONS = DEBUG;
				SWIFT_OPTIMIZATION_LEVEL = "-Onone";
			};
			name = Debug;
		};
		1A0000000000000000000013 /* Release */ = {
			isa = XCBuildConfiguration;
			buildSettings = {
				ALWAYS_SEARCH_USER_PATHS = NO;
				CLANG_ENABLE_OBJC_ARC = YES;
				COPY_PHASE_STRIP = NO;
				DEBUG_INFORMATION_FORMAT = "dwarf-with-dsym";
				ENABLE_NS_ASSERTIONS = NO;
				ENABLE_STRICT_OBJC_MSGSEND = YES;
				GCC_NO_COMMON_BLOCKS = YES;
				MACOSX_DEPLOYMENT_TARGET = 26.0;
				SDKROOT = macosx;
				SWIFT_OPTIMIZATION_LEVEL = "-O";
			};
			name = Release;
		};
		1A0000000000000000000014 /* Debug */ = {
			isa = XCBuildConfiguration;
			buildSettings = {
				ARCHS = arm64;
				CODE_SIGN_IDENTITY = "-";
				CODE_SIGN_STYLE = Automatic;
				COMBINE_HIDPI_IMAGES = YES;
				CURRENT_PROJECT_VERSION = 3;
				ENABLE_HARDENED_RUNTIME = NO;
				GENERATE_INFOPLIST_FILE = NO;
				INFOPLIST_FILE = Pastel/Info.plist;
				LD_RUNPATH_SEARCH_PATHS = (
					"$(inherited)",
					"@executable_path/../Frameworks",
				);
				MARKETING_VERSION = 26.5.2;
				PRODUCT_BUNDLE_IDENTIFIER = com.allenmiao.ipahistorydownload;
				PRODUCT_NAME = "Pastel";
				SWIFT_EMIT_LOC_STRINGS = YES;
				SWIFT_VERSION = 5.0;
			};
			name = Debug;
		};
		1A0000000000000000000015 /* Release */ = {
			isa = XCBuildConfiguration;
			buildSettings = {
				ARCHS = arm64;
				CODE_SIGN_IDENTITY = "-";
				CODE_SIGN_STYLE = Automatic;
				COMBINE_HIDPI_IMAGES = YES;
				CURRENT_PROJECT_VERSION = 3;
				ENABLE_HARDENED_RUNTIME = NO;
				GENERATE_INFOPLIST_FILE = NO;
				INFOPLIST_FILE = Pastel/Info.plist;
				LD_RUNPATH_SEARCH_PATHS = (
					"$(inherited)",
					"@executable_path/../Frameworks",
				);
				MARKETING_VERSION = 26.5.2;
				PRODUCT_BUNDLE_IDENTIFIER = com.allenmiao.ipahistorydownload;
				PRODUCT_NAME = "Pastel";
				SWIFT_EMIT_LOC_STRINGS = YES;
				SWIFT_VERSION = 5.0;
			};
			name = Release;
		};
/* End XCBuildConfiguration section */

/* Begin XCConfigurationList section */
		1A0000000000000000000010 /* Build configuration list for PBXProject "Pastel" */ = {
			isa = XCConfigurationList;
			buildConfigurations = (
				1A0000000000000000000012 /* Debug */,
				1A0000000000000000000013 /* Release */,
			);
			defaultConfigurationIsVisible = 0;
			defaultConfigurationName = Release;
		};
		1A0000000000000000000011 /* Build configuration list for PBXNativeTarget "Pastel" */ = {
			isa = XCConfigurationList;
			buildConfigurations = (
				1A0000000000000000000014 /* Debug */,
				1A0000000000000000000015 /* Release */,
			);
			defaultConfigurationIsVisible = 0;
			defaultConfigurationName = Release;
		};
/* End XCConfigurationList section */

/* Begin XCRemoteSwiftPackageReference section */
		1A0000000000000000000022 /* XCRemoteSwiftPackageReference "Sparkle" */ = {
			isa = XCRemoteSwiftPackageReference;
			repositoryURL = "https://github.com/sparkle-project/Sparkle";
			requirement = {
				kind = upToNextMajorVersion;
				minimumVersion = 2.9.3;
			};
		};
/* End XCRemoteSwiftPackageReference section */

/* Begin XCSwiftPackageProductDependency section */
		1A0000000000000000000023 /* Sparkle */ = {
			isa = XCSwiftPackageProductDependency;
			package = 1A0000000000000000000022 /* XCRemoteSwiftPackageReference "Sparkle" */;
			productName = Sparkle;
		};
/* End XCSwiftPackageProductDependency section */
	};
	rootObject = 1A0000000000000000000001 /* Project object */;
}
